
Microsoft Visual Studio Solution File, Format Version 12.00
# Visual Studio 15
VisualStudioVersion = 15.0.28307.271
MinimumVisualStudioVersion = 10.0.40219.1
Project("{FAE04EC0-301F-11D3-BF4B-00C04F79EFBC}") = "ApplicationSystem", "ApplicationSystem\ApplicationSystem.csproj", "{BDF26570-40B2-436D-A1EC-1B652A451F27}"
EndProject
Global
	GlobalSection(SolutionConfigurationPlatforms) = preSolution
		Debug|Any CPU = Debug|Any CPU
		Release|Any CPU = Release|Any CPU
	EndGlobalSection
	GlobalSection(ProjectConfigurationPlatforms) = postSolution
		{BDF26570-40B2-436D-A1EC-1B652A451F27}.Debug|Any CPU.ActiveCfg = Debug|Any CPU
		{BDF26570-40B2-436D-A1EC-1B652A451F27}.Debug|Any CPU.Build.0 = Debug|Any CPU
		{BDF26570-40B2-436D-A1EC-1B652A451F27}.Release|Any CPU.ActiveCfg = Release|Any CPU
		{BDF26570-40B2-436D-A1EC-1B652A451F27}.Release|Any CPU.Build.0 = Release|Any CPU
	EndGlobalSection
	GlobalSection(SolutionProperties) = preSolution
		HideSolutionNode = FALSE
	EndGlobalSection
	GlobalSection(ExtensibilityGlobals) = postSolution
		SolutionGuid = {00E0103B-4A41-4817-BB5A-D234470A2A4D}
	EndGlobalSection
EndGlobal
